
Microsoft Visual Studio Solution File, Format Version 12.00
# Visual Studio Version 16
VisualStudioVersion = 16.0.29806.167
MinimumVisualStudioVersion = 10.0.40219.1
Project("{2150E333-8FDC-42A3-9474-1A3956D46DE8}") = "src", "src", "{64C8F5A9-837E-4201-A4D8-D5A79446E702}"
EndProject
Project("{9A19103F-16F7-4668-BE54-9A1E7A4F7556}") = "PROJECT_NAME.Api", "src\PROJECT_NAME.Api\PROJECT_NAME.Api.csproj", "{B4899984-C046-4BBF-A233-DEEF2D0D089D}"
EndProject
Project("{9A19103F-16F7-4668-BE54-9A1E7A4F7556}") = "PROJECT_NAME.Application", "src\PROJECT_NAME.Application\PROJECT_NAME.Application.csproj", "{77EDC29E-8B20-4AA7-92A0-B8D610D13871}"
EndProject
Project("{9A19103F-16F7-4668-BE54-9A1E7A4F7556}") = "PROJECT_NAME.Infrastructure", "src\PROJECT_NAME.Infrastructure\PROJECT_NAME.Infrastructure.csproj", "{5AD6E067-7F4C-4CFD-9C85-8DAAF367519E}"
EndProject
Project("{2150E333-8FDC-42A3-9474-1A3956D46DE8}") = "test", "test", "{C379FB41-A87C-4D35-9872-4EFB8048F2CD}"
EndProject
Project("{9A19103F-16F7-4668-BE54-9A1E7A4F7556}") = "PROJECT_NAME.Api.Tests", "test\PROJECT_NAME.Api.Tests\PROJECT_NAME.Api.Tests.csproj", "{0694D61D-194C-4CFB-AE14-C4DC7A5A36D6}"
EndProject
Project("{9A19103F-16F7-4668-BE54-9A1E7A4F7556}") = "PROJECT_NAME.Application.Tests", "test\PROJECT_NAME.Application.Tests\PROJECT_NAME.Application.Tests.csproj", "{254F32F2-5E25-414E-8159-28546C6F7386}"
EndProject
Project("{9A19103F-16F7-4668-BE54-9A1E7A4F7556}") = "PROJECT_NAME.Infrastructure.Tests", "test\PROJECT_NAME.Infrastructure.Tests\PROJECT_NAME.Infrastructure.Tests.csproj", "{D3685301-B83D-4564-B86A-00F5E188E20D}"
EndProject
Project("{9A19103F-16F7-4668-BE54-9A1E7A4F7556}") = "PROJECT_NAME.Domain", "src\PROJECT_NAME.Domain\PROJECT_NAME.Domain.csproj", "{8F2F9B99-2D76-4439-A15B-4E573C8A8F10}"
EndProject
Global
	GlobalSection(SolutionConfigurationPlatforms) = preSolution
		Debug|Any CPU = Debug|Any CPU
		Release|Any CPU = Release|Any CPU
	EndGlobalSection
	GlobalSection(ProjectConfigurationPlatforms) = postSolution
		{B4899984-C046-4BBF-A233-DEEF2D0D089D}.Debug|Any CPU.ActiveCfg = Debug|Any CPU
		{B4899984-C046-4BBF-A233-DEEF2D0D089D}.Debug|Any CPU.Build.0 = Debug|Any CPU
		{B4899984-C046-4BBF-A233-DEEF2D0D089D}.Release|Any CPU.ActiveCfg = Release|Any CPU
		{B4899984-C046-4BBF-A233-DEEF2D0D089D}.Release|Any CPU.Build.0 = Release|Any CPU
		{77EDC29E-8B20-4AA7-92A0-B8D610D13871}.Debug|Any CPU.ActiveCfg = Debug|Any CPU
		{77EDC29E-8B20-4AA7-92A0-B8D610D13871}.Debug|Any CPU.Build.0 = Debug|Any CPU
		{77EDC29E-8B20-4AA7-92A0-B8D610D13871}.Release|Any CPU.ActiveCfg = Release|Any CPU
		{77EDC29E-8B20-4AA7-92A0-B8D610D13871}.Release|Any CPU.Build.0 = Release|Any CPU
		{5AD6E067-7F4C-4CFD-9C85-8DAAF367519E}.Debug|Any CPU.ActiveCfg = Debug|Any CPU
		{5AD6E067-7F4C-4CFD-9C85-8DAAF367519E}.Debug|Any CPU.Build.0 = Debug|Any CPU
		{5AD6E067-7F4C-4CFD-9C85-8DAAF367519E}.Release|Any CPU.ActiveCfg = Release|Any CPU
		{5AD6E067-7F4C-4CFD-9C85-8DAAF367519E}.Release|Any CPU.Build.0 = Release|Any CPU
		{0694D61D-194C-4CFB-AE14-C4DC7A5A36D6}.Debug|Any CPU.ActiveCfg = Debug|Any CPU
		{0694D61D-194C-4CFB-AE14-C4DC7A5A36D6}.Debug|Any CPU.Build.0 = Debug|Any CPU
		{0694D61D-194C-4CFB-AE14-C4DC7A5A36D6}.Release|Any CPU.ActiveCfg = Release|Any CPU
		{0694D61D-194C-4CFB-AE14-C4DC7A5A36D6}.Release|Any CPU.Build.0 = Release|Any CPU
		{254F32F2-5E25-414E-8159-28546C6F7386}.Debug|Any CPU.ActiveCfg = Debug|Any CPU
		{254F32F2-5E25-414E-8159-28546C6F7386}.Debug|Any CPU.Build.0 = Debug|Any CPU
		{254F32F2-5E25-414E-8159-28546C6F7386}.Release|Any CPU.ActiveCfg = Release|Any CPU
		{254F32F2-5E25-414E-8159-28546C6F7386}.Release|Any CPU.Build.0 = Release|Any CPU
		{D3685301-B83D-4564-B86A-00F5E188E20D}.Debug|Any CPU.ActiveCfg = Debug|Any CPU
		{D3685301-B83D-4564-B86A-00F5E188E20D}.Debug|Any CPU.Build.0 = Debug|Any CPU
		{D3685301-B83D-4564-B86A-00F5E188E20D}.Release|Any CPU.ActiveCfg = Release|Any CPU
		{D3685301-B83D-4564-B86A-00F5E188E20D}.Release|Any CPU.Build.0 = Release|Any CPU
		{8F2F9B99-2D76-4439-A15B-4E573C8A8F10}.Debug|Any CPU.ActiveCfg = Debug|Any CPU
		{8F2F9B99-2D76-4439-A15B-4E573C8A8F10}.Debug|Any CPU.Build.0 = Debug|Any CPU
		{8F2F9B99-2D76-4439-A15B-4E573C8A8F10}.Release|Any CPU.ActiveCfg = Release|Any CPU
		{8F2F9B99-2D76-4439-A15B-4E573C8A8F10}.Release|Any CPU.Build.0 = Release|Any CPU
	EndGlobalSection
	GlobalSection(SolutionProperties) = preSolution
		HideSolutionNode = FALSE
	EndGlobalSection
	GlobalSection(NestedProjects) = preSolution
		{B4899984-C046-4BBF-A233-DEEF2D0D089D} = {64C8F5A9-837E-4201-A4D8-D5A79446E702}
		{77EDC29E-8B20-4AA7-92A0-B8D610D13871} = {64C8F5A9-837E-4201-A4D8-D5A79446E702}
		{5AD6E067-7F4C-4CFD-9C85-8DAAF367519E} = {64C8F5A9-837E-4201-A4D8-D5A79446E702}
		{0694D61D-194C-4CFB-AE14-C4DC7A5A36D6} = {C379FB41-A87C-4D35-9872-4EFB8048F2CD}
		{254F32F2-5E25-414E-8159-28546C6F7386} = {C379FB41-A87C-4D35-9872-4EFB8048F2CD}
		{D3685301-B83D-4564-B86A-00F5E188E20D} = {C379FB41-A87C-4D35-9872-4EFB8048F2CD}
		{8F2F9B99-2D76-4439-A15B-4E573C8A8F10} = {64C8F5A9-837E-4201-A4D8-D5A79446E702}
	EndGlobalSection
	GlobalSection(ExtensibilityGlobals) = postSolution
		SolutionGuid = {8843E55B-655B-4EE7-8118-D42B93CCB0C8}
	EndGlobalSection
EndGlobal
